Microsoft Visual Studio Solution File, Format Version 12.00
# Visual Studio Version 17
VisualStudioVersion = 17.5.2.0
MinimumVisualStudioVersion = 10.0.40219.1
Project("{FAE04EC0-301F-11D3-BF4B-00C04F79EFBC}") = "DijktraAlgorithm", "DijktraAlgorithm.csproj", "{34E4E720-0BD7-0596-32B3-C6089E2C347E}"
EndProject
Global
	GlobalSection(SolutionConfigurationPlatforms) = preSolution
		Debug|Any CPU = Debug|Any CPU
		Release|Any CPU = Release|Any CPU
	EndGlobalSection
	GlobalSection(ProjectConfigurationPlatforms) = postSolution
		{34E4E720-0BD7-0596-32B3-C6089E2C347E}.Debug|Any CPU.ActiveCfg = Debug|Any CPU
		{34E4E720-0BD7-0596-32B3-C6089E2C347E}.Debug|Any CPU.Build.0 = Debug|Any CPU
		{34E4E720-0BD7-0596-32B3-C6089E2C347E}.Release|Any CPU.ActiveCfg = Release|Any CPU
		{34E4E720-0BD7-0596-32B3-C6089E2C347E}.Release|Any CPU.Build.0 = Release|Any CPU
	EndGlobalSection
	GlobalSection(SolutionProperties) = preSolution
		HideSolutionNode = FALSE
	EndGlobalSection
	GlobalSection(ExtensibilityGlobals) = postSolution
		SolutionGuid = {ECF701A5-2190-434D-AED5-2C7C53532D74}
	EndGlobalSection
EndGlobal
